github.com/gonutz/check v1.2.0 h1:PVjoa4xwUU0XAH4/6mdg4kJ9BCCTIiwmBxImLJxCkp8=
github.com/gonutz/check v1.2.0/go.mod h1:J5ndBcNQd4fv3I+Moevk4PXZoyXRamwwclm6dDgAuyA=
github.com/gonutz/w32/v2 v2.2.4 h1:VvM3+PS2wmm94HaA4eSYtbpR6uiKqk7vAboNAm9vzjQ=
github.com/gonutz/w32/v2 v2.2.4/go.mod h1:MgtHx0AScDVNKyB+kjyPder4xIi3XAcHS6LDDU2DmdE=
